
Microsoft Visual Studio Solution File, Format Version 12.00
Project("{FAE04EC0-301F-11D3-BF4B-00C04F79EFBC}") = "BackOfficeUI", "BackOfficeUI\BackOfficeUI\BackOfficeUI.csproj", "{0B94996C-2F7A-4D8B-B818-8E58712737D0}"
EndProject
Project("{FAE04EC0-301F-11D3-BF4B-00C04F79EFBC}") = "BackOfficeUI.Client", "BackOfficeUI\BackOfficeUI.Client\BackOfficeUI.Client.csproj", "{68478F43-2D22-43E5-A938-9EB1C5A7D12C}"
EndProject
Global
	GlobalSection(SolutionConfigurationPlatforms) = preSolution
		Debug|Any CPU = Debug|Any CPU
		Release|Any CPU = Release|Any CPU
	EndGlobalSection
	GlobalSection(ProjectConfigurationPlatforms) = postSolution
		{0B94996C-2F7A-4D8B-B818-8E58712737D0}.Debug|Any CPU.ActiveCfg = Debug|Any CPU
		{0B94996C-2F7A-4D8B-B818-8E58712737D0}.Debug|Any CPU.Build.0 = Debug|Any CPU
		{0B94996C-2F7A-4D8B-B818-8E58712737D0}.Release|Any CPU.ActiveCfg = Release|Any CPU
		{0B94996C-2F7A-4D8B-B818-8E58712737D0}.Release|Any CPU.Build.0 = Release|Any CPU
		{68478F43-2D22-43E5-A938-9EB1C5A7D12C}.Debug|Any CPU.ActiveCfg = Debug|Any CPU
		{68478F43-2D22-43E5-A938-9EB1C5A7D12C}.Debug|Any CPU.Build.0 = Debug|Any CPU
		{68478F43-2D22-43E5-A938-9EB1C5A7D12C}.Release|Any CPU.ActiveCfg = Release|Any CPU
		{68478F43-2D22-43E5-A938-9EB1C5A7D12C}.Release|Any CPU.Build.0 = Release|Any CPU
	EndGlobalSection
EndGlobal
